
Microsoft Visual Studio Solution File, Format Version 12.00
# Visual Studio Version 16
VisualStudioVersion = 16.0.33529.622
MinimumVisualStudioVersion = 10.0.40219.1
Project("{FAE04EC0-301F-11D3-BF4B-00C04F79EFBC}") = "StudentCatalog1", "StudentCatalog1\StudentCatalog1.csproj", "{27C5DC46-D4E9-45DE-AC33-30F7C6CEBE25}"
EndProject
Global
	GlobalSection(SolutionConfigurationPlatforms) = preSolution
		Debug|Any CPU = Debug|Any CPU
		Release|Any CPU = Release|Any CPU
	EndGlobalSection
	GlobalSection(ProjectConfigurationPlatforms) = postSolution
		{27C5DC46-D4E9-45DE-AC33-30F7C6CEBE25}.Debug|Any CPU.ActiveCfg = Debug|Any CPU
		{27C5DC46-D4E9-45DE-AC33-30F7C6CEBE25}.Debug|Any CPU.Build.0 = Debug|Any CPU
		{27C5DC46-D4E9-45DE-AC33-30F7C6CEBE25}.Release|Any CPU.ActiveCfg = Release|Any CPU
		{27C5DC46-D4E9-45DE-AC33-30F7C6CEBE25}.Release|Any CPU.Build.0 = Release|Any CPU
	EndGlobalSection
	GlobalSection(SolutionProperties) = preSolution
		HideSolutionNode = FALSE
	EndGlobalSection
	GlobalSection(ExtensibilityGlobals) = postSolution
		SolutionGuid = {6D599277-EBB4-4F49-93EB-65B6BCFADCE0}
	EndGlobalSection
EndGlobal
